
Microsoft Visual Studio Solution File, Format Version 12.00
# Visual Studio Version 17
VisualStudioVersion = 17.9.34714.143
MinimumVisualStudioVersion = 10.0.40219.1
Project("{FAE04EC0-301F-11D3-BF4B-00C04F79EFBC}") = "Capa Desconectada", "Capa Desconectada\Capa Desconectada.csproj", "{A1F3746E-ECE0-4075-90BD-B5D358BE50E4}"
EndProject
Project("{FAE04EC0-301F-11D3-BF4B-00C04F79EFBC}") = "AccesoDatos", "AccesoDatos\AccesoDatos.csproj", "{A89D8A32-0B49-4D74-9A4E-DEDB74470472}"
EndProject
Global
	GlobalSection(SolutionConfigurationPlatforms) = preSolution
		Debug|Any CPU = Debug|Any CPU
		Release|Any CPU = Release|Any CPU
	EndGlobalSection
	GlobalSection(ProjectConfigurationPlatforms) = postSolution
		{A1F3746E-ECE0-4075-90BD-B5D358BE50E4}.Debug|Any CPU.ActiveCfg = Debug|Any CPU
		{A1F3746E-ECE0-4075-90BD-B5D358BE50E4}.Debug|Any CPU.Build.0 = Debug|Any CPU
		{A1F3746E-ECE0-4075-90BD-B5D358BE50E4}.Release|Any CPU.ActiveCfg = Release|Any CPU
		{A1F3746E-ECE0-4075-90BD-B5D358BE50E4}.Release|Any CPU.Build.0 = Release|Any CPU
		{A89D8A32-0B49-4D74-9A4E-DEDB74470472}.Debug|Any CPU.ActiveCfg = Debug|Any CPU
		{A89D8A32-0B49-4D74-9A4E-DEDB74470472}.Debug|Any CPU.Build.0 = Debug|Any CPU
		{A89D8A32-0B49-4D74-9A4E-DEDB74470472}.Release|Any CPU.ActiveCfg = Release|Any CPU
		{A89D8A32-0B49-4D74-9A4E-DEDB74470472}.Release|Any CPU.Build.0 = Release|Any CPU
	EndGlobalSection
	GlobalSection(SolutionProperties) = preSolution
		HideSolutionNode = FALSE
	EndGlobalSection
	GlobalSection(ExtensibilityGlobals) = postSolution
		SolutionGuid = {AEA3E208-087E-480A-9D32-A4723C934CCC}
	EndGlobalSection
EndGlobal
